// !$*UTF8*$!
{
	archiveVersion = 1;
	classes = {
	};
	objectVersion = 52;
	objects = {

/* Begin PBXBuildFile section */
		395781D524DC5D2700A604D1 /* AppDelegate.swift in Sources */ = {isa = PBXBuildFile; fileRef = 395781D424DC5D2700A604D1 /* AppDelegate.swift */; };
		395781D724DC5D2700A604D1 /* SceneDelegate.swift in Sources */ = {isa = PBXBuildFile; fileRef = 395781D624DC5D2700A604D1 /* SceneDelegate.swift */; };
		395781D924DC5D2700A604D1 /* MusicView.swift in Sources */ = {isa = PBXBuildFile; fileRef = 395781D824DC5D2700A604D1 /* MusicView.swift */; };
		395781DB24DC5D2800A604D1 /* Assets.xcassets in Resources */ = {isa = PBXBuildFile; fileRef = 395781DA24DC5D2800A604D1 /* Assets.xcassets */; };
		395781DE24DC5D2800A604D1 /* Preview Assets.xcassets in Resources */ = {isa = PBXBuildFile; fileRef = 395781DD24DC5D2800A604D1 /* Preview Assets.xcassets */; };
		395781E124DC5D2800A604D1 /* LaunchScreen.storyboard in Resources */ = {isa = PBXBuildFile; fileRef = 395781DF24DC5D2800A604D1 /* LaunchScreen.storyboard */; };
		395781F324DC692300A604D1 /* PlayerView.swift in Sources */ = {isa = PBXBuildFile; fileRef = 395781F224DC692300A604D1 /* PlayerView.swift */; };
		396B439624DC8EF100D84FC7 /* LoremIpsum in Frameworks */ = {isa = PBXBuildFile; productRef = 396B439524DC8EF100D84FC7 /* LoremIpsum */; };
		398404EA25003925006C9011 /* SceneSelection.swift in Sources */ = {isa = PBXBuildFile; fileRef = 398404E925003925006C9011 /* SceneSelection.swift */; };
		398404EE2500451E006C9011 /* MapView.swift in Sources */ = {isa = PBXBuildFile; fileRef = 398404ED2500451E006C9011 /* MapView.swift */; };
		39E18E3B24F059F50096391B /* LNPopupUI in Frameworks */ = {isa = PBXBuildFile; productRef = 39E18E3A24F059F50096391B /* LNPopupUI */; };
		39E18E3C24F059F50096391B /* LNPopupUI in Embed Frameworks */ = {isa = PBXBuildFile; productRef = 39E18E3A24F059F50096391B /* LNPopupUI */; settings = {ATTRIBUTES = (CodeSignOnCopy, ); }; };
/* End PBXBuildFile section */

/* Begin PBXCopyFilesBuildPhase section */
		395781EF24DC5E2400A604D1 /* Embed Frameworks */ = {
			isa = PBXCopyFilesBuildPhase;
			buildActionMask = 2147483647;
			dstPath = "";
			dstSubfolderSpec = 10;
			files = (
				39E18E3C24F059F50096391B /* LNPopupUI in Embed Frameworks */,
			);
			name = "Embed Frameworks";
			runOnlyForDeploymentPostprocessing = 0;
		};
/* End PBXCopyFilesBuildPhase section */

/* Begin PBXFileReference section */
		395781D124DC5D2700A604D1 /* LNPopupUIExample.app */ = {isa = PBXFileReference; explicitFileType = wrapper.application; includeInIndex = 0; path = LNPopupUIExample.app; sourceTree = BUILT_PRODUCTS_DIR; };
		395781D424DC5D2700A604D1 /* AppDelegate.swift */ = {isa = PBXFileReference; lastKnownFileType = sourcecode.swift; path = AppDelegate.swift; sourceTree = "<group>"; };
		395781D624DC5D2700A604D1 /* SceneDelegate.swift */ = {isa = PBXFileReference; lastKnownFileType = sourcecode.swift; path = SceneDelegate.swift; sourceTree = "<group>"; };
		395781D824DC5D2700A604D1 /* MusicView.swift */ = {isa = PBXFileReference; lastKnownFileType = sourcecode.swift; path = MusicView.swift; sourceTree = "<group>"; };
		395781DA24DC5D2800A604D1 /* Assets.xcassets */ = {isa = PBXFileReference; lastKnownFileType = folder.assetcatalog; path = Assets.xcassets; sourceTree = "<group>"; };
		395781DD24DC5D2800A604D1 /* Preview Assets.xcassets */ = {isa = PBXFileReference; lastKnownFileType = folder.assetcatalog; path = "Preview Assets.xcassets"; sourceTree = "<group>"; };
		395781E024DC5D2800A604D1 /* Base */ = {isa = PBXFileReference; lastKnownFileType = file.storyboard; name = Base; path = Base.lproj/LaunchScreen.storyboard; sourceTree = "<group>"; };
		395781E224DC5D2800A604D1 /* Info.plist */ = {isa = PBXFileReference; lastKnownFileType = text.plist.xml; path = Info.plist; sourceTree = "<group>"; };
		395781EA24DC5DE800A604D1 /* LNPopupUI */ = {isa = PBXFileReference; lastKnownFileType = folder; name = LNPopupUI; path = ..; sourceTree = "<group>"; };
		395781F224DC692300A604D1 /* PlayerView.swift */ = {isa = PBXFileReference; lastKnownFileType = sourcecode.swift; path = PlayerView.swift; sourceTree = "<group>"; };
		398404E925003925006C9011 /* SceneSelection.swift */ = {isa = PBXFileReference; lastKnownFileType = sourcecode.swift; path = SceneSelection.swift; sourceTree = "<group>"; };
		398404ED2500451E006C9011 /* MapView.swift */ = {isa = PBXFileReference; lastKnownFileType = sourcecode.swift; path = MapView.swift; sourceTree = "<group>"; };
/* End PBXFileReference section */

/* Begin PBXFrameworksBuildPhase section */
		395781CE24DC5D2700A604D1 /* Frameworks */ = {
			isa = PBXFrameworksBuildPhase;
			buildActionMask = 2147483647;
			files = (
				396B439624DC8EF100D84FC7 /* LoremIpsum in Frameworks */,
				39E18E3B24F059F50096391B /* LNPopupUI in Frameworks */,
			);
			runOnlyForDeploymentPostprocessing = 0;
		};
/* End PBXFrameworksBuildPhase section */

/* Begin PBXGroup section */
		395781C824DC5D2700A604D1 = {
			isa = PBXGroup;
			children = (
				395781EA24DC5DE800A604D1 /* LNPopupUI */,
				395781D324DC5D2700A604D1 /* LNPopupUIExample */,
				395781D224DC5D2700A604D1 /* Products */,
				395781EB24DC5E2400A604D1 /* Frameworks */,
			);
			sourceTree = "<group>";
		};
		395781D224DC5D2700A604D1 /* Products */ = {
			isa = PBXGroup;
			children = (
				395781D124DC5D2700A604D1 /* LNPopupUIExample.app */,
			);
			name = Products;
			sourceTree = "<group>";
		};
		395781D324DC5D2700A604D1 /* LNPopupUIExample */ = {
			isa = PBXGroup;
			children = (
				395781D424DC5D2700A604D1 /* AppDelegate.swift */,
				395781D624DC5D2700A604D1 /* SceneDelegate.swift */,
				395781F224DC692300A604D1 /* PlayerView.swift */,
				395781D824DC5D2700A604D1 /* MusicView.swift */,
				398404ED2500451E006C9011 /* MapView.swift */,
				398404E925003925006C9011 /* SceneSelection.swift */,
				395781DA24DC5D2800A604D1 /* Assets.xcassets */,
				395781DF24DC5D2800A604D1 /* LaunchScreen.storyboard */,
				395781E224DC5D2800A604D1 /* Info.plist */,
				395781DC24DC5D2800A604D1 /* Preview Content */,
			);
			path = LNPopupUIExample;
			sourceTree = "<group>";
		};
		395781DC24DC5D2800A604D1 /* Preview Content */ = {
			isa = PBXGroup;
			children = (
				395781DD24DC5D2800A604D1 /* Preview Assets.xcassets */,
			);
			path = "Preview Content";
			sourceTree = "<group>";
		};
		395781EB24DC5E2400A604D1 /* Frameworks */ = {
			isa = PBXGroup;
			children = (
			);
			name = Frameworks;
			sourceTree = "<group>";
		};
/* End PBXGroup section */

/* Begin PBXNativeTarget section */
		395781D024DC5D2700A604D1 /* LNPopupUIExample */ = {
			isa = PBXNativeTarget;
			buildConfigurationList = 395781E524DC5D2800A604D1 /* Build configuration list for PBXNativeTarget "LNPopupUIExample" */;
			buildPhases = (
				395781CD24DC5D2700A604D1 /* Sources */,
				395781CE24DC5D2700A604D1 /* Frameworks */,
				395781CF24DC5D2700A604D1 /* Resources */,
				395781EF24DC5E2400A604D1 /* Embed Frameworks */,
			);
			buildRules = (
			);
			dependencies = (
			);
			name = LNPopupUIExample;
			packageProductDependencies = (
				396B439524DC8EF100D84FC7 /* LoremIpsum */,
				39E18E3A24F059F50096391B /* LNPopupUI */,
			);
			productName = LNPopupUIExample;
			productReference = 395781D124DC5D2700A604D1 /* LNPopupUIExample.app */;
			productType = "com.apple.product-type.application";
		};
/* End PBXNativeTarget section */

/* Begin PBXProject section */
		395781C924DC5D2700A604D1 /* Project object */ = {
			isa = PBXProject;
			attributes = {
				LastSwiftUpdateCheck = 1200;
				LastUpgradeCheck = 1200;
				TargetAttributes = {
					395781D024DC5D2700A604D1 = {
						CreatedOnToolsVersion = 12.0;
					};
				};
			};
			buildConfigurationList = 395781CC24DC5D2700A604D1 /* Build configuration list for PBXProject "LNPopupUIExample" */;
			compatibilityVersion = "Xcode 9.3";
			developmentRegion = en;
			hasScannedForEncodings = 0;
			knownRegions = (
				en,
				Base,
			);
			mainGroup = 395781C824DC5D2700A604D1;
			packageReferences = (
				396B439424DC8EF100D84FC7 /* XCRemoteSwiftPackageReference "LoremIpsum" */,
			);
			productRefGroup = 395781D224DC5D2700A604D1 /* Products */;
			projectDirPath = "";
			projectRoot = "";
			targets = (
				395781D024DC5D2700A604D1 /* LNPopupUIExample */,
			);
		};
/* End PBXProject section */

/* Begin PBXResourcesBuildPhase section */
		395781CF24DC5D2700A604D1 /* Resources */ = {
			isa = PBXResourcesBuildPhase;
			buildActionMask = 2147483647;
			files = (
				395781E124DC5D2800A604D1 /* LaunchScreen.storyboard in Resources */,
				395781DE24DC5D2800A604D1 /* Preview Assets.xcassets in Resources */,
				395781DB24DC5D2800A604D1 /* Assets.xcassets in Resources */,
			);
			runOnlyForDeploymentPostprocessing = 0;
		};
/* End PBXResourcesBuildPhase section */

/* Begin PBXSourcesBuildPhase section */
		395781CD24DC5D2700A604D1 /* Sources */ = {
			isa = PBXSourcesBuildPhase;
			buildActionMask = 2147483647;
			files = (
				395781D524DC5D2700A604D1 /* AppDelegate.swift in Sources */,
				398404EE2500451E006C9011 /* MapView.swift in Sources */,
				395781D724DC5D2700A604D1 /* SceneDelegate.swift in Sources */,
				395781D924DC5D2700A604D1 /* MusicView.swift in Sources */,
				398404EA25003925006C9011 /* SceneSelection.swift in Sources */,
				395781F324DC692300A604D1 /* PlayerView.swift in Sources */,
			);
			runOnlyForDeploymentPostprocessing = 0;
		};
/* End PBXSourcesBuildPhase section */

/* Begin PBXVariantGroup section */
		395781DF24DC5D2800A604D1 /* LaunchScreen.storyboard */ = {
			isa = PBXVariantGroup;
			children = (
				395781E024DC5D2800A604D1 /* Base */,
			);
			name = LaunchScreen.storyboard;
			sourceTree = "<group>";
		};
/* End PBXVariantGroup section */

/* Begin XCBuildConfiguration section */
		395781E324DC5D2800A604D1 /* Debug */ = {
			isa = XCBuildConfiguration;
			buildSettings = {
				ALWAYS_SEARCH_USER_PATHS = NO;
				CLANG_ANALYZER_NONNULL = YES;
				CLANG_ANALYZER_NUMBER_OBJECT_CONVERSION = YES_AGGRESSIVE;
				CLANG_CXX_LANGUAGE_STANDARD = "gnu++14";
				CLANG_CXX_LIBRARY = "libc++";
				CLANG_ENABLE_MODULES = YES;
				CLANG_ENABLE_OBJC_ARC = YES;
				CLANG_ENABLE_OBJC_WEAK = YES;
				CLANG_WARN_BLOCK_CAPTURE_AUTORELEASING = YES;
				CLANG_WARN_BOOL_CONVERSION = YES;
				CLANG_WARN_COMMA = YES;
				CLANG_WARN_CONSTANT_CONVERSION = YES;
				CLANG_WARN_DEPRECATED_OBJC_IMPLEMENTATIONS = YES;
				CLANG_WARN_DIRECT_OBJC_ISA_USAGE = YES_ERROR;
				CLANG_WARN_DOCUMENTATION_COMMENTS = YES;
				CLANG_WARN_EMPTY_BODY = YES;
				CLANG_WARN_ENUM_CONVERSION = YES;
				CLANG_WARN_INFINITE_RECURSION = YES;
				CLANG_WARN_INT_CONVERSION = YES;
				CLANG_WARN_NON_LITERAL_NULL_CONVERSION = YES;
				CLANG_WARN_OBJC_IMPLICIT_RETAIN_SELF = YES;
				CLANG_WARN_OBJC_LITERAL_CONVERSION = YES;
				CLANG_WARN_OBJC_ROOT_CLASS = YES_ERROR;
				CLANG_WARN_QUOTED_INCLUDE_IN_FRAMEWORK_HEADER = YES;
				CLANG_WARN_RANGE_LOOP_ANALYSIS = YES;
				CLANG_WARN_STRICT_PROTOTYPES = YES;
				CLANG_WARN_SUSPICIOUS_MOVE = YES;
				CLANG_WARN_UNGUARDED_AVAILABILITY = YES_AGGRESSIVE;
				CLANG_WARN_UNREACHABLE_CODE = YES;
				CLANG_WARN__DUPLICATE_METHOD_MATCH = YES;
				COPY_PHASE_STRIP = NO;
				DEBUG_INFORMATION_FORMAT = dwarf;
				ENABLE_STRICT_OBJC_MSGSEND = YES;
				ENABLE_TESTABILITY = YES;
				GCC_C_LANGUAGE_STANDARD = gnu11;
				GCC_DYNAMIC_NO_PIC = NO;
				GCC_NO_COMMON_BLOCKS = YES;
				GCC_OPTIMIZATION_LEVEL = 0;
				GCC_PREPROCESSOR_DEFINITIONS = (
					"DEBUG=1",
					"$(inherited)",
				);
				GCC_WARN_64_TO_32_BIT_CONVERSION = YES;
				GCC_WARN_ABOUT_RETURN_TYPE = YES_ERROR;
				GCC_WARN_UNDECLARED_SELECTOR = YES;
				GCC_WARN_UNINITIALIZED_AUTOS = YES_AGGRESSIVE;
				GCC_WARN_UNUSED_FUNCTION = YES;
				GCC_WARN_UNUSED_VARIABLE = YES;
				IPHONEOS_DEPLOYMENT_TARGET = 14.0;
				MTL_ENABLE_DEBUG_INFO = INCLUDE_SOURCE;
				MTL_FAST_MATH = YES;
				ONLY_ACTIVE_ARCH = YES;
				SDKROOT = iphoneos;
				SWIFT_ACTIVE_COMPILATION_CONDITIONS = DEBUG;
				SWIFT_OPTIMIZATION_LEVEL = "-Onone";
			};
			name = Debug;
		};
		395781E424DC5D2800A604D1 /* Release */ = {
			isa = XCBuildConfiguration;
			buildSettings = {
				ALWAYS_SEARCH_USER_PATHS = NO;
				CLANG_ANALYZER_NONNULL = YES;
				CLANG_ANALYZER_NUMBER_OBJECT_CONVERSION = YES_AGGRESSIVE;
				CLANG_CXX_LANGUAGE_STANDARD = "gnu++14";
				CLANG_CXX_LIBRARY = "libc++";
				CLANG_ENABLE_MODULES = YES;
				CLANG_ENABLE_OBJC_ARC = YES;
				CLANG_ENABLE_OBJC_WEAK = YES;
				CLANG_WARN_BLOCK_CAPTURE_AUTORELEASING = YES;
				CLANG_WARN_BOOL_CONVERSION = YES;
				CLANG_WARN_COMMA = YES;
				CLANG_WARN_CONSTANT_CONVERSION = YES;
				CLANG_WARN_DEPRECATED_OBJC_IMPLEMENTATIONS = YES;
				CLANG_WARN_DIRECT_OBJC_ISA_USAGE = YES_ERROR;
				CLANG_WARN_DOCUMENTATION_COMMENTS = YES;
				CLANG_WARN_EMPTY_BODY = YES;
				CLANG_WARN_ENUM_CONVERSION = YES;
				CLANG_WARN_INFINITE_RECURSION = YES;
				CLANG_WARN_INT_CONVERSION = YES;
				CLANG_WARN_NON_LITERAL_NULL_CONVERSION = YES;
				CLANG_WARN_OBJC_IMPLICIT_RETAIN_SELF = YES;
				CLANG_WARN_OBJC_LITERAL_CONVERSION = YES;
				CLANG_WARN_OBJC_ROOT_CLASS = YES_ERROR;
				CLANG_WARN_QUOTED_INCLUDE_IN_FRAMEWORK_HEADER = YES;
				CLANG_WARN_RANGE_LOOP_ANALYSIS = YES;
				CLANG_WARN_STRICT_PROTOTYPES = YES;
				CLANG_WARN_SUSPICIOUS_MOVE = YES;
				CLANG_WARN_UNGUARDED_AVAILABILITY = YES_AGGRESSIVE;
				CLANG_WARN_UNREACHABLE_CODE = YES;
				CLANG_WARN__DUPLICATE_METHOD_MATCH = YES;
				COPY_PHASE_STRIP = NO;
				DEBUG_INFORMATION_FORMAT = "dwarf-with-dsym";
				ENABLE_NS_ASSERTIONS = NO;
				ENABLE_STRICT_OBJC_MSGSEND = YES;
				GCC_C_LANGUAGE_STANDARD = gnu11;
				GCC_NO_COMMON_BLOCKS = YES;
				GCC_WARN_64_TO_32_BIT_CONVERSION = YES;
				GCC_WARN_ABOUT_RETURN_TYPE = YES_ERROR;
				GCC_WARN_UNDECLARED_SELECTOR = YES;
				GCC_WARN_UNINITIALIZED_AUTOS = YES_AGGRESSIVE;
				GCC_WARN_UNUSED_FUNCTION = YES;
				GCC_WARN_UNUSED_VARIABLE = YES;
				IPHONEOS_DEPLOYMENT_TARGET = 14.0;
				MTL_ENABLE_DEBUG_INFO = NO;
				MTL_FAST_MATH = YES;
				SDKROOT = iphoneos;
				SWIFT_COMPILATION_MODE = wholemodule;
				SWIFT_OPTIMIZATION_LEVEL = "-O";
				VALIDATE_PRODUCT = YES;
			};
			name = Release;
		};
		395781E624DC5D2800A604D1 /* Debug */ = {
			isa = XCBuildConfiguration;
			buildSettings = {
				ASSETCATALOG_COMPILER_APPICON_NAME = AppIcon;
				ASSETCATALOG_COMPILER_GLOBAL_ACCENT_COLOR_NAME = AccentColor;
				CODE_SIGN_STYLE = Automatic;
				DEVELOPMENT_ASSET_PATHS = "\"LNPopupUIExample/Preview Content\"";
				DEVELOPMENT_TEAM = S9QFG2VH2E;
				ENABLE_PREVIEWS = YES;
				INFOPLIST_FILE = LNPopupUIExample/Info.plist;
				IPHONEOS_DEPLOYMENT_TARGET = 14.0;
				LD_RUNPATH_SEARCH_PATHS = (
					"$(inherited)",
					"@executable_path/Frameworks",
				);
				PRODUCT_BUNDLE_IDENTIFIER = "com.LeoNatan.LNPopupUIExample-";
				PRODUCT_NAME = "$(TARGET_NAME)";
				SWIFT_VERSION = 5.0;
				TARGETED_DEVICE_FAMILY = "1,2";
			};
			name = Debug;
		};
		395781E724DC5D2800A604D1 /* Release */ = {
			isa = XCBuildConfiguration;
			buildSettings = {
				ASSETCATALOG_COMPILER_APPICON_NAME = AppIcon;
				ASSETCATALOG_COMPILER_GLOBAL_ACCENT_COLOR_NAME = AccentColor;
				CODE_SIGN_STYLE = Automatic;
				DEVELOPMENT_ASSET_PATHS = "\"LNPopupUIExample/Preview Content\"";
				DEVELOPMENT_TEAM = S9QFG2VH2E;
				ENABLE_PREVIEWS = YES;
				INFOPLIST_FILE = LNPopupUIExample/Info.plist;
				IPHONEOS_DEPLOYMENT_TARGET = 14.0;
				LD_RUNPATH_SEARCH_PATHS = (
					"$(inherited)",
					"@executable_path/Frameworks",
				);
				PRODUCT_BUNDLE_IDENTIFIER = "com.LeoNatan.LNPopupUIExample-";
				PRODUCT_NAME = "$(TARGET_NAME)";
				SWIFT_VERSION = 5.0;
				TARGETED_DEVICE_FAMILY = "1,2";
			};
			name = Release;
		};
/* End XCBuildConfiguration section */

/* Begin XCConfigurationList section */
		395781CC24DC5D2700A604D1 /* Build configuration list for PBXProject "LNPopupUIExample" */ = {
			isa = XCConfigurationList;
			buildConfigurations = (
				395781E324DC5D2800A604D1 /* Debug */,
				395781E424DC5D2800A604D1 /* Release */,
			);
			defaultConfigurationIsVisible = 0;
			defaultConfigurationName = Release;
		};
		395781E524DC5D2800A604D1 /* Build configuration list for PBXNativeTarget "LNPopupUIExample" */ = {
			isa = XCConfigurationList;
			buildConfigurations = (
				395781E624DC5D2800A604D1 /* Debug */,
				395781E724DC5D2800A604D1 /* Release */,
			);
			defaultConfigurationIsVisible = 0;
			defaultConfigurationName = Release;
		};
/* End XCConfigurationList section */

/* Begin XCRemoteSwiftPackageReference section */
		396B439424DC8EF100D84FC7 /* XCRemoteSwiftPackageReference "LoremIpsum" */ = {
			isa = XCRemoteSwiftPackageReference;
			repositoryURL = "https://github.com/lukaskubanek/LoremIpsum";
			requirement = {
				kind = upToNextMajorVersion;
				minimumVersion = 2.0.0;
			};
		};
/* End XCRemoteSwiftPackageReference section */

/* Begin XCSwiftPackageProductDependency section */
		396B439524DC8EF100D84FC7 /* LoremIpsum */ = {
			isa = XCSwiftPackageProductDependency;
			package = 396B439424DC8EF100D84FC7 /* XCRemoteSwiftPackageReference "LoremIpsum" */;
			productName = LoremIpsum;
		};
		39E18E3A24F059F50096391B /* LNPopupUI */ = {
			isa = XCSwiftPackageProductDependency;
			productName = LNPopupUI;
		};
/* End XCSwiftPackageProductDependency section */
	};
	rootObject = 395781C924DC5D2700A604D1 /* Project object */;
}
